
Microsoft Visual Studio Solution File, Format Version 12.00
# Visual Studio 2013
VisualStudioVersion = 12.0.30723.0
MinimumVisualStudioVersion = 10.0.40219.1
Project("{FAE04EC0-301F-11D3-BF4B-00C04F79EFBC}") = "Templates", "Templates\Templates.csproj", "{F749C88D-DCFC-4BB3-B17C-C882B6E17FEA}"
EndProject
Project("{F5034706-568F-408A-B7B3-4D38C6DB8A32}") = "Scripts", "Scripts\Scripts.pssproj", "{6CAFC0C6-A428-4D30-A9F9-700E829FEA51}"
EndProject
Global
	GlobalSection(TeamFoundationVersionControl) = preSolution
		SccNumberOfProjects = 3
		SccEnterpriseProvider = {4CA58AB2-18FA-4F8D-95D4-32DDF27D184C}
		SccTeamFoundationServer = http://a003-tfs.cloudapp.net:8080/tfs/defaultcollection
		SccLocalPath0 = .
		SccProjectUniqueName1 = Templates\\Templates.csproj
		SccProjectName1 = Templates
		SccLocalPath1 = Templates
		SccProjectUniqueName2 = Scripts\\Scripts.pssproj
		SccProjectName2 = Scripts
		SccLocalPath2 = Scripts
	EndGlobalSection
	GlobalSection(SolutionConfigurationPlatforms) = preSolution
		Debug|Any CPU = Debug|Any CPU
		Release|Any CPU = Release|Any CPU
	EndGlobalSection
	GlobalSection(ProjectConfigurationPlatforms) = postSolution
		{F749C88D-DCFC-4BB3-B17C-C882B6E17FEA}.Debug|Any CPU.ActiveCfg = Debug|Any CPU
		{F749C88D-DCFC-4BB3-B17C-C882B6E17FEA}.Debug|Any CPU.Build.0 = Debug|Any CPU
		{F749C88D-DCFC-4BB3-B17C-C882B6E17FEA}.Release|Any CPU.ActiveCfg = Release|Any CPU
		{F749C88D-DCFC-4BB3-B17C-C882B6E17FEA}.Release|Any CPU.Build.0 = Release|Any CPU
		{6CAFC0C6-A428-4D30-A9F9-700E829FEA51}.Debug|Any CPU.ActiveCfg = Debug|Any CPU
		{6CAFC0C6-A428-4D30-A9F9-700E829FEA51}.Debug|Any CPU.Build.0 = Debug|Any CPU
		{6CAFC0C6-A428-4D30-A9F9-700E829FEA51}.Release|Any CPU.ActiveCfg = Release|Any CPU
		{6CAFC0C6-A428-4D30-A9F9-700E829FEA51}.Release|Any CPU.Build.0 = Release|Any CPU
	EndGlobalSection
	GlobalSection(SolutionProperties) = preSolution
		HideSolutionNode = FALSE
	EndGlobalSection
EndGlobal
